
Microsoft Visual Studio Solution File, Format Version 12.00
# Visual Studio Version 16
VisualStudioVersion = 16.0.30413.136
MinimumVisualStudioVersion = 10.0.40219.1
Project("{FAE04EC0-301F-11D3-BF4B-00C04F79EFBC}") = "Actividad7_CambiarTamañoTexto", "Actividad7_CambiarTamañoTexto\Actividad7_CambiarTamañoTexto.csproj", "{FFE247F6-4D4F-4BC6-B3A5-B1CFCDFC905E}"
EndProject
Global
	GlobalSection(SolutionConfigurationPlatforms) = preSolution
		Debug|Any CPU = Debug|Any CPU
		Release|Any CPU = Release|Any CPU
	EndGlobalSection
	GlobalSection(ProjectConfigurationPlatforms) = postSolution
		{FFE247F6-4D4F-4BC6-B3A5-B1CFCDFC905E}.Debug|Any CPU.ActiveCfg = Debug|Any CPU
		{FFE247F6-4D4F-4BC6-B3A5-B1CFCDFC905E}.Debug|Any CPU.Build.0 = Debug|Any CPU
		{FFE247F6-4D4F-4BC6-B3A5-B1CFCDFC905E}.Release|Any CPU.ActiveCfg = Release|Any CPU
		{FFE247F6-4D4F-4BC6-B3A5-B1CFCDFC905E}.Release|Any CPU.Build.0 = Release|Any CPU
	EndGlobalSection
	GlobalSection(SolutionProperties) = preSolution
		HideSolutionNode = FALSE
	EndGlobalSection
	GlobalSection(ExtensibilityGlobals) = postSolution
		SolutionGuid = {F5D32DA0-D048-4BFA-A565-26D40B7A0B87}
	EndGlobalSection
EndGlobal
